
Microsoft Visual Studio Solution File, Format Version 12.00
# Visual Studio 2012
Project("{FAE04EC0-301F-11D3-BF4B-00C04F79EFBC}") = "IllusionPlugin", "IllusionPlugin\IllusionPlugin.csproj", "{E2848BFB-5432-42F4-8AE0-D2EC0CDF2F71}"
EndProject
Project("{FAE04EC0-301F-11D3-BF4B-00C04F79EFBC}") = "IllusionInjector", "IllusionInjector\IllusionInjector.csproj", "{D1C61AF5-0D2D-4752-8203-1C6929025F7C}"
EndProject
Project("{FAE04EC0-301F-11D3-BF4B-00C04F79EFBC}") = "DebugPlugin", "DebugPlugin\DebugPlugin.csproj", "{68089C8E-8CE1-46BD-9597-E8EEED10F5E4}"
EndProject
Project("{FAE04EC0-301F-11D3-BF4B-00C04F79EFBC}") = "HaremOVR", "HaremOVR\HaremOVR.csproj", "{6E2F8CE8-9F67-4FC7-BCC1-35D3488DB904}"
EndProject
Project("{FAE04EC0-301F-11D3-BF4B-00C04F79EFBC}") = "hmpatcher", "hmpatcher\hmpatcher.csproj", "{5B07DE46-AA8A-49AC-944A-08F6EED0B45B}"
EndProject
Project("{FAE04EC0-301F-11D3-BF4B-00C04F79EFBC}") = "StudioVR", "StudioVR\StudioVR.csproj", "{C6F429F7-B13C-4372-99CC-4BA84218AA79}"
EndProject
Project("{FAE04EC0-301F-11D3-BF4B-00C04F79EFBC}") = "PlayClubVR", "PlayClubVR\PlayClubVR.csproj", "{904B1AA5-CF8A-4798-8273-4C0F2D9AC92B}"
EndProject
Project("{FAE04EC0-301F-11D3-BF4B-00C04F79EFBC}") = "PlayClubInspector", "PlayClubInspector\PlayClubInspector.csproj", "{8FDE3787-ACF0-474F-816A-DDD85C2E0CB8}"
EndProject
Project("{FAE04EC0-301F-11D3-BF4B-00C04F79EFBC}") = "QuietLauncher", "QuietLauncher\QuietLauncher.csproj", "{D1390268-F68B-4A55-B50D-EAD25756C8EF}"
EndProject
Project("{FAE04EC0-301F-11D3-BF4B-00C04F79EFBC}") = "ReplaceString", "ReplaceString\ReplaceString.csproj", "{E4A09568-5B11-482F-8F96-955400EA15E4}"
EndProject
Project("{FAE04EC0-301F-11D3-BF4B-00C04F79EFBC}") = "CameraModifications", "CameraModifications\CameraModifications.csproj", "{24806B16-4CDD-4EFA-A569-11405D25F6DF}"
EndProject
Project("{FAE04EC0-301F-11D3-BF4B-00C04F79EFBC}") = "BodySwap", "BodySwap\BodySwap.csproj", "{851BF943-2746-4D87-BE20-35402ECA9171}"
EndProject
Project("{FAE04EC0-301F-11D3-BF4B-00C04F79EFBC}") = "SoftUncensor", "SoftUncensor\SoftUncensor.csproj", "{CF67B2FE-E15A-430C-8CDF-39572B56ABC0}"
EndProject
Project("{FAE04EC0-301F-11D3-BF4B-00C04F79EFBC}") = "AdditionalShortcuts", "AdditionalShortcuts\AdditionalShortcuts.csproj", "{50FA18C3-9C8D-414F-8357-12A809BE7911}"
EndProject
Project("{FAE04EC0-301F-11D3-BF4B-00C04F79EFBC}") = "MaestroMode", "MaestroMode\MaestroMode.csproj", "{E17A4667-3CD4-4DF1-8959-C75C1EBE5F38}"
EndProject
Project("{FAE04EC0-301F-11D3-BF4B-00C04F79EFBC}") = "AnanNaitegoran", "AnanNaitegoran\AnanNaitegoran.csproj", "{1C37764E-B09A-4EDF-9B0E-5C51CB92E046}"
EndProject
Global
	GlobalSection(SolutionConfigurationPlatforms) = preSolution
		Debug|Any CPU = Debug|Any CPU
		HMDeploy|Any CPU = HMDeploy|Any CPU
		PCDeploy|Any CPU = PCDeploy|Any CPU
		Release|Any CPU = Release|Any CPU
		Studio|Any CPU = Studio|Any CPU
	EndGlobalSection
	GlobalSection(ProjectConfigurationPlatforms) = postSolution
		{E2848BFB-5432-42F4-8AE0-D2EC0CDF2F71}.Debug|Any CPU.ActiveCfg = Debug|Any CPU
		{E2848BFB-5432-42F4-8AE0-D2EC0CDF2F71}.Debug|Any CPU.Build.0 = Debug|Any CPU
		{E2848BFB-5432-42F4-8AE0-D2EC0CDF2F71}.HMDeploy|Any CPU.ActiveCfg = Release|Any CPU
		{E2848BFB-5432-42F4-8AE0-D2EC0CDF2F71}.HMDeploy|Any CPU.Build.0 = Release|Any CPU
		{E2848BFB-5432-42F4-8AE0-D2EC0CDF2F71}.PCDeploy|Any CPU.ActiveCfg = PCDeploy|Any CPU
		{E2848BFB-5432-42F4-8AE0-D2EC0CDF2F71}.PCDeploy|Any CPU.Build.0 = PCDeploy|Any CPU
		{E2848BFB-5432-42F4-8AE0-D2EC0CDF2F71}.Release|Any CPU.ActiveCfg = Release|Any CPU
		{E2848BFB-5432-42F4-8AE0-D2EC0CDF2F71}.Release|Any CPU.Build.0 = Release|Any CPU
		{E2848BFB-5432-42F4-8AE0-D2EC0CDF2F71}.Studio|Any CPU.ActiveCfg = Studio|Any CPU
		{E2848BFB-5432-42F4-8AE0-D2EC0CDF2F71}.Studio|Any CPU.Build.0 = Studio|Any CPU
		{D1C61AF5-0D2D-4752-8203-1C6929025F7C}.Debug|Any CPU.ActiveCfg = Debug|Any CPU
		{D1C61AF5-0D2D-4752-8203-1C6929025F7C}.Debug|Any CPU.Build.0 = Debug|Any CPU
		{D1C61AF5-0D2D-4752-8203-1C6929025F7C}.HMDeploy|Any CPU.ActiveCfg = Release|Any CPU
		{D1C61AF5-0D2D-4752-8203-1C6929025F7C}.HMDeploy|Any CPU.Build.0 = Release|Any CPU
		{D1C61AF5-0D2D-4752-8203-1C6929025F7C}.PCDeploy|Any CPU.ActiveCfg = PCDeploy|Any CPU
		{D1C61AF5-0D2D-4752-8203-1C6929025F7C}.PCDeploy|Any CPU.Build.0 = PCDeploy|Any CPU
		{D1C61AF5-0D2D-4752-8203-1C6929025F7C}.Release|Any CPU.ActiveCfg = Release|Any CPU
		{D1C61AF5-0D2D-4752-8203-1C6929025F7C}.Release|Any CPU.Build.0 = Release|Any CPU
		{D1C61AF5-0D2D-4752-8203-1C6929025F7C}.Studio|Any CPU.ActiveCfg = Studio|Any CPU
		{D1C61AF5-0D2D-4752-8203-1C6929025F7C}.Studio|Any CPU.Build.0 = Studio|Any CPU
		{68089C8E-8CE1-46BD-9597-E8EEED10F5E4}.Debug|Any CPU.ActiveCfg = Debug|Any CPU
		{68089C8E-8CE1-46BD-9597-E8EEED10F5E4}.Debug|Any CPU.Build.0 = Debug|Any CPU
		{68089C8E-8CE1-46BD-9597-E8EEED10F5E4}.HMDeploy|Any CPU.ActiveCfg = Release|Any CPU
		{68089C8E-8CE1-46BD-9597-E8EEED10F5E4}.HMDeploy|Any CPU.Build.0 = Release|Any CPU
		{68089C8E-8CE1-46BD-9597-E8EEED10F5E4}.PCDeploy|Any CPU.ActiveCfg = PCDeploy|Any CPU
		{68089C8E-8CE1-46BD-9597-E8EEED10F5E4}.PCDeploy|Any CPU.Build.0 = PCDeploy|Any CPU
		{68089C8E-8CE1-46BD-9597-E8EEED10F5E4}.Release|Any CPU.ActiveCfg = Release|Any CPU
		{68089C8E-8CE1-46BD-9597-E8EEED10F5E4}.Release|Any CPU.Build.0 = Release|Any CPU
		{68089C8E-8CE1-46BD-9597-E8EEED10F5E4}.Studio|Any CPU.ActiveCfg = Studio|Any CPU
		{68089C8E-8CE1-46BD-9597-E8EEED10F5E4}.Studio|Any CPU.Build.0 = Studio|Any CPU
		{6E2F8CE8-9F67-4FC7-BCC1-35D3488DB904}.Debug|Any CPU.ActiveCfg = Debug|Any CPU
		{6E2F8CE8-9F67-4FC7-BCC1-35D3488DB904}.Debug|Any CPU.Build.0 = Debug|Any CPU
		{6E2F8CE8-9F67-4FC7-BCC1-35D3488DB904}.HMDeploy|Any CPU.ActiveCfg = Release|Any CPU
		{6E2F8CE8-9F67-4FC7-BCC1-35D3488DB904}.HMDeploy|Any CPU.Build.0 = Release|Any CPU
		{6E2F8CE8-9F67-4FC7-BCC1-35D3488DB904}.PCDeploy|Any CPU.ActiveCfg = PCDeploy|Any CPU
		{6E2F8CE8-9F67-4FC7-BCC1-35D3488DB904}.PCDeploy|Any CPU.Build.0 = PCDeploy|Any CPU
		{6E2F8CE8-9F67-4FC7-BCC1-35D3488DB904}.Release|Any CPU.ActiveCfg = Release|Any CPU
		{6E2F8CE8-9F67-4FC7-BCC1-35D3488DB904}.Release|Any CPU.Build.0 = Release|Any CPU
		{6E2F8CE8-9F67-4FC7-BCC1-35D3488DB904}.Studio|Any CPU.ActiveCfg = Studio|Any CPU
		{6E2F8CE8-9F67-4FC7-BCC1-35D3488DB904}.Studio|Any CPU.Build.0 = Studio|Any CPU
		{5B07DE46-AA8A-49AC-944A-08F6EED0B45B}.Debug|Any CPU.ActiveCfg = Debug|Any CPU
		{5B07DE46-AA8A-49AC-944A-08F6EED0B45B}.Debug|Any CPU.Build.0 = Debug|Any CPU
		{5B07DE46-AA8A-49AC-944A-08F6EED0B45B}.HMDeploy|Any CPU.ActiveCfg = Release|Any CPU
		{5B07DE46-AA8A-49AC-944A-08F6EED0B45B}.HMDeploy|Any CPU.Build.0 = Release|Any CPU
		{5B07DE46-AA8A-49AC-944A-08F6EED0B45B}.PCDeploy|Any CPU.ActiveCfg = PCDeploy|Any CPU
		{5B07DE46-AA8A-49AC-944A-08F6EED0B45B}.PCDeploy|Any CPU.Build.0 = PCDeploy|Any CPU
		{5B07DE46-AA8A-49AC-944A-08F6EED0B45B}.Release|Any CPU.ActiveCfg = Release|Any CPU
		{5B07DE46-AA8A-49AC-944A-08F6EED0B45B}.Release|Any CPU.Build.0 = Release|Any CPU
		{5B07DE46-AA8A-49AC-944A-08F6EED0B45B}.Studio|Any CPU.ActiveCfg = Release|Any CPU
		{5B07DE46-AA8A-49AC-944A-08F6EED0B45B}.Studio|Any CPU.Build.0 = Release|Any CPU
		{C6F429F7-B13C-4372-99CC-4BA84218AA79}.Debug|Any CPU.ActiveCfg = Debug|Any CPU
		{C6F429F7-B13C-4372-99CC-4BA84218AA79}.Debug|Any CPU.Build.0 = Debug|Any CPU
		{C6F429F7-B13C-4372-99CC-4BA84218AA79}.HMDeploy|Any CPU.ActiveCfg = Release|Any CPU
		{C6F429F7-B13C-4372-99CC-4BA84218AA79}.HMDeploy|Any CPU.Build.0 = Release|Any CPU
		{C6F429F7-B13C-4372-99CC-4BA84218AA79}.PCDeploy|Any CPU.ActiveCfg = PCDeploy|Any CPU
		{C6F429F7-B13C-4372-99CC-4BA84218AA79}.PCDeploy|Any CPU.Build.0 = PCDeploy|Any CPU
		{C6F429F7-B13C-4372-99CC-4BA84218AA79}.Release|Any CPU.ActiveCfg = Release|Any CPU
		{C6F429F7-B13C-4372-99CC-4BA84218AA79}.Release|Any CPU.Build.0 = Release|Any CPU
		{C6F429F7-B13C-4372-99CC-4BA84218AA79}.Studio|Any CPU.ActiveCfg = Release|Any CPU
		{C6F429F7-B13C-4372-99CC-4BA84218AA79}.Studio|Any CPU.Build.0 = Release|Any CPU
		{904B1AA5-CF8A-4798-8273-4C0F2D9AC92B}.Debug|Any CPU.ActiveCfg = Debug|Any CPU
		{904B1AA5-CF8A-4798-8273-4C0F2D9AC92B}.Debug|Any CPU.Build.0 = Debug|Any CPU
		{904B1AA5-CF8A-4798-8273-4C0F2D9AC92B}.HMDeploy|Any CPU.ActiveCfg = Release|Any CPU
		{904B1AA5-CF8A-4798-8273-4C0F2D9AC92B}.HMDeploy|Any CPU.Build.0 = Release|Any CPU
		{904B1AA5-CF8A-4798-8273-4C0F2D9AC92B}.PCDeploy|Any CPU.ActiveCfg = PCDeploy|Any CPU
		{904B1AA5-CF8A-4798-8273-4C0F2D9AC92B}.PCDeploy|Any CPU.Build.0 = PCDeploy|Any CPU
		{904B1AA5-CF8A-4798-8273-4C0F2D9AC92B}.Release|Any CPU.ActiveCfg = Release|Any CPU
		{904B1AA5-CF8A-4798-8273-4C0F2D9AC92B}.Release|Any CPU.Build.0 = Release|Any CPU
		{904B1AA5-CF8A-4798-8273-4C0F2D9AC92B}.Studio|Any CPU.ActiveCfg = Release|Any CPU
		{904B1AA5-CF8A-4798-8273-4C0F2D9AC92B}.Studio|Any CPU.Build.0 = Release|Any CPU
		{8FDE3787-ACF0-474F-816A-DDD85C2E0CB8}.Debug|Any CPU.ActiveCfg = Debug|Any CPU
		{8FDE3787-ACF0-474F-816A-DDD85C2E0CB8}.Debug|Any CPU.Build.0 = Debug|Any CPU
		{8FDE3787-ACF0-474F-816A-DDD85C2E0CB8}.HMDeploy|Any CPU.ActiveCfg = Release|Any CPU
		{8FDE3787-ACF0-474F-816A-DDD85C2E0CB8}.HMDeploy|Any CPU.Build.0 = Release|Any CPU
		{8FDE3787-ACF0-474F-816A-DDD85C2E0CB8}.PCDeploy|Any CPU.ActiveCfg = PCDeploy|Any CPU
		{8FDE3787-ACF0-474F-816A-DDD85C2E0CB8}.PCDeploy|Any CPU.Build.0 = PCDeploy|Any CPU
		{8FDE3787-ACF0-474F-816A-DDD85C2E0CB8}.Release|Any CPU.ActiveCfg = Release|Any CPU
		{8FDE3787-ACF0-474F-816A-DDD85C2E0CB8}.Release|Any CPU.Build.0 = Release|Any CPU
		{8FDE3787-ACF0-474F-816A-DDD85C2E0CB8}.Studio|Any CPU.ActiveCfg = Release|Any CPU
		{8FDE3787-ACF0-474F-816A-DDD85C2E0CB8}.Studio|Any CPU.Build.0 = Release|Any CPU
		{D1390268-F68B-4A55-B50D-EAD25756C8EF}.Debug|Any CPU.ActiveCfg = Debug|Any CPU
		{D1390268-F68B-4A55-B50D-EAD25756C8EF}.Debug|Any CPU.Build.0 = Debug|Any CPU
		{D1390268-F68B-4A55-B50D-EAD25756C8EF}.HMDeploy|Any CPU.ActiveCfg = Release|Any CPU
		{D1390268-F68B-4A55-B50D-EAD25756C8EF}.HMDeploy|Any CPU.Build.0 = Release|Any CPU
		{D1390268-F68B-4A55-B50D-EAD25756C8EF}.PCDeploy|Any CPU.ActiveCfg = PCDeploy|Any CPU
		{D1390268-F68B-4A55-B50D-EAD25756C8EF}.PCDeploy|Any CPU.Build.0 = PCDeploy|Any CPU
		{D1390268-F68B-4A55-B50D-EAD25756C8EF}.Release|Any CPU.ActiveCfg = Release|Any CPU
		{D1390268-F68B-4A55-B50D-EAD25756C8EF}.Release|Any CPU.Build.0 = Release|Any CPU
		{D1390268-F68B-4A55-B50D-EAD25756C8EF}.Studio|Any CPU.ActiveCfg = Release|Any CPU
		{D1390268-F68B-4A55-B50D-EAD25756C8EF}.Studio|Any CPU.Build.0 = Release|Any CPU
		{E4A09568-5B11-482F-8F96-955400EA15E4}.Debug|Any CPU.ActiveCfg = Debug|Any CPU
		{E4A09568-5B11-482F-8F96-955400EA15E4}.Debug|Any CPU.Build.0 = Debug|Any CPU
		{E4A09568-5B11-482F-8F96-955400EA15E4}.HMDeploy|Any CPU.ActiveCfg = Release|Any CPU
		{E4A09568-5B11-482F-8F96-955400EA15E4}.HMDeploy|Any CPU.Build.0 = Release|Any CPU
		{E4A09568-5B11-482F-8F96-955400EA15E4}.PCDeploy|Any CPU.ActiveCfg = Release|Any CPU
		{E4A09568-5B11-482F-8F96-955400EA15E4}.PCDeploy|Any CPU.Build.0 = Release|Any CPU
		{E4A09568-5B11-482F-8F96-955400EA15E4}.Release|Any CPU.ActiveCfg = Release|Any CPU
		{E4A09568-5B11-482F-8F96-955400EA15E4}.Release|Any CPU.Build.0 = Release|Any CPU
		{E4A09568-5B11-482F-8F96-955400EA15E4}.Studio|Any CPU.ActiveCfg = Release|Any CPU
		{E4A09568-5B11-482F-8F96-955400EA15E4}.Studio|Any CPU.Build.0 = Release|Any CPU
		{24806B16-4CDD-4EFA-A569-11405D25F6DF}.Debug|Any CPU.ActiveCfg = Debug|Any CPU
		{24806B16-4CDD-4EFA-A569-11405D25F6DF}.Debug|Any CPU.Build.0 = Debug|Any CPU
		{24806B16-4CDD-4EFA-A569-11405D25F6DF}.HMDeploy|Any CPU.ActiveCfg = Release|Any CPU
		{24806B16-4CDD-4EFA-A569-11405D25F6DF}.HMDeploy|Any CPU.Build.0 = Release|Any CPU
		{24806B16-4CDD-4EFA-A569-11405D25F6DF}.PCDeploy|Any CPU.ActiveCfg = PCDeploy|Any CPU
		{24806B16-4CDD-4EFA-A569-11405D25F6DF}.PCDeploy|Any CPU.Build.0 = PCDeploy|Any CPU
		{24806B16-4CDD-4EFA-A569-11405D25F6DF}.Release|Any CPU.ActiveCfg = Release|Any CPU
		{24806B16-4CDD-4EFA-A569-11405D25F6DF}.Release|Any CPU.Build.0 = Release|Any CPU
		{24806B16-4CDD-4EFA-A569-11405D25F6DF}.Studio|Any CPU.ActiveCfg = Release|Any CPU
		{24806B16-4CDD-4EFA-A569-11405D25F6DF}.Studio|Any CPU.Build.0 = Release|Any CPU
		{851BF943-2746-4D87-BE20-35402ECA9171}.Debug|Any CPU.ActiveCfg = Debug|Any CPU
		{851BF943-2746-4D87-BE20-35402ECA9171}.Debug|Any CPU.Build.0 = Debug|Any CPU
		{851BF943-2746-4D87-BE20-35402ECA9171}.HMDeploy|Any CPU.ActiveCfg = Release|Any CPU
		{851BF943-2746-4D87-BE20-35402ECA9171}.HMDeploy|Any CPU.Build.0 = Release|Any CPU
		{851BF943-2746-4D87-BE20-35402ECA9171}.PCDeploy|Any CPU.ActiveCfg = PCDeploy|Any CPU
		{851BF943-2746-4D87-BE20-35402ECA9171}.PCDeploy|Any CPU.Build.0 = PCDeploy|Any CPU
		{851BF943-2746-4D87-BE20-35402ECA9171}.Release|Any CPU.ActiveCfg = Release|Any CPU
		{851BF943-2746-4D87-BE20-35402ECA9171}.Release|Any CPU.Build.0 = Release|Any CPU
		{851BF943-2746-4D87-BE20-35402ECA9171}.Studio|Any CPU.ActiveCfg = Release|Any CPU
		{851BF943-2746-4D87-BE20-35402ECA9171}.Studio|Any CPU.Build.0 = Release|Any CPU
		{CF67B2FE-E15A-430C-8CDF-39572B56ABC0}.Debug|Any CPU.ActiveCfg = Debug|Any CPU
		{CF67B2FE-E15A-430C-8CDF-39572B56ABC0}.Debug|Any CPU.Build.0 = Debug|Any CPU
		{CF67B2FE-E15A-430C-8CDF-39572B56ABC0}.HMDeploy|Any CPU.ActiveCfg = Release|Any CPU
		{CF67B2FE-E15A-430C-8CDF-39572B56ABC0}.HMDeploy|Any CPU.Build.0 = Release|Any CPU
		{CF67B2FE-E15A-430C-8CDF-39572B56ABC0}.PCDeploy|Any CPU.ActiveCfg = PCDeploy|Any CPU
		{CF67B2FE-E15A-430C-8CDF-39572B56ABC0}.PCDeploy|Any CPU.Build.0 = PCDeploy|Any CPU
		{CF67B2FE-E15A-430C-8CDF-39572B56ABC0}.Release|Any CPU.ActiveCfg = Release|Any CPU
		{CF67B2FE-E15A-430C-8CDF-39572B56ABC0}.Release|Any CPU.Build.0 = Release|Any CPU
		{CF67B2FE-E15A-430C-8CDF-39572B56ABC0}.Studio|Any CPU.ActiveCfg = Release|Any CPU
		{CF67B2FE-E15A-430C-8CDF-39572B56ABC0}.Studio|Any CPU.Build.0 = Release|Any CPU
		{50FA18C3-9C8D-414F-8357-12A809BE7911}.Debug|Any CPU.ActiveCfg = Debug|Any CPU
		{50FA18C3-9C8D-414F-8357-12A809BE7911}.Debug|Any CPU.Build.0 = Debug|Any CPU
		{50FA18C3-9C8D-414F-8357-12A809BE7911}.HMDeploy|Any CPU.ActiveCfg = Release|Any CPU
		{50FA18C3-9C8D-414F-8357-12A809BE7911}.HMDeploy|Any CPU.Build.0 = Release|Any CPU
		{50FA18C3-9C8D-414F-8357-12A809BE7911}.PCDeploy|Any CPU.ActiveCfg = PCDeploy|Any CPU
		{50FA18C3-9C8D-414F-8357-12A809BE7911}.PCDeploy|Any CPU.Build.0 = PCDeploy|Any CPU
		{50FA18C3-9C8D-414F-8357-12A809BE7911}.Release|Any CPU.ActiveCfg = Release|Any CPU
		{50FA18C3-9C8D-414F-8357-12A809BE7911}.Release|Any CPU.Build.0 = Release|Any CPU
		{50FA18C3-9C8D-414F-8357-12A809BE7911}.Studio|Any CPU.ActiveCfg = Release|Any CPU
		{50FA18C3-9C8D-414F-8357-12A809BE7911}.Studio|Any CPU.Build.0 = Release|Any CPU
		{E17A4667-3CD4-4DF1-8959-C75C1EBE5F38}.Debug|Any CPU.ActiveCfg = Debug|Any CPU
		{E17A4667-3CD4-4DF1-8959-C75C1EBE5F38}.Debug|Any CPU.Build.0 = Debug|Any CPU
		{E17A4667-3CD4-4DF1-8959-C75C1EBE5F38}.HMDeploy|Any CPU.ActiveCfg = Release|Any CPU
		{E17A4667-3CD4-4DF1-8959-C75C1EBE5F38}.HMDeploy|Any CPU.Build.0 = Release|Any CPU
		{E17A4667-3CD4-4DF1-8959-C75C1EBE5F38}.PCDeploy|Any CPU.ActiveCfg = PCDeploy|Any CPU
		{E17A4667-3CD4-4DF1-8959-C75C1EBE5F38}.PCDeploy|Any CPU.Build.0 = PCDeploy|Any CPU
		{E17A4667-3CD4-4DF1-8959-C75C1EBE5F38}.Release|Any CPU.ActiveCfg = Release|Any CPU
		{E17A4667-3CD4-4DF1-8959-C75C1EBE5F38}.Release|Any CPU.Build.0 = Release|Any CPU
		{E17A4667-3CD4-4DF1-8959-C75C1EBE5F38}.Studio|Any CPU.ActiveCfg = Release|Any CPU
		{E17A4667-3CD4-4DF1-8959-C75C1EBE5F38}.Studio|Any CPU.Build.0 = Release|Any CPU
		{1C37764E-B09A-4EDF-9B0E-5C51CB92E046}.Debug|Any CPU.ActiveCfg = Debug|Any CPU
		{1C37764E-B09A-4EDF-9B0E-5C51CB92E046}.Debug|Any CPU.Build.0 = Debug|Any CPU
		{1C37764E-B09A-4EDF-9B0E-5C51CB92E046}.HMDeploy|Any CPU.ActiveCfg = Release|Any CPU
		{1C37764E-B09A-4EDF-9B0E-5C51CB92E046}.HMDeploy|Any CPU.Build.0 = Release|Any CPU
		{1C37764E-B09A-4EDF-9B0E-5C51CB92E046}.PCDeploy|Any CPU.ActiveCfg = PCDeploy|Any CPU
		{1C37764E-B09A-4EDF-9B0E-5C51CB92E046}.PCDeploy|Any CPU.Build.0 = PCDeploy|Any CPU
		{1C37764E-B09A-4EDF-9B0E-5C51CB92E046}.Release|Any CPU.ActiveCfg = Release|Any CPU
		{1C37764E-B09A-4EDF-9B0E-5C51CB92E046}.Release|Any CPU.Build.0 = Release|Any CPU
		{1C37764E-B09A-4EDF-9B0E-5C51CB92E046}.Studio|Any CPU.ActiveCfg = Release|Any CPU
		{1C37764E-B09A-4EDF-9B0E-5C51CB92E046}.Studio|Any CPU.Build.0 = Release|Any CPU
	EndGlobalSection
	GlobalSection(SolutionProperties) = preSolution
		HideSolutionNode = FALSE
	EndGlobalSection
EndGlobal
